{
  "version": 4,
  "terraform_version": "1.5.7",
  "serial": 61,
  "lineage": "ca8ec4ff-8224-1134-26ec-69c8aafda813",
  "outputs": {},
  "resources": [
    {
      "mode": "managed",
      "type": "google_compute_firewall",
      "name": "allow-internal",
      "provider": "provider[\"registry.terraform.io/hashicorp/google\"]",
      "instances": [
        {
          "schema_version": 1,
          "attributes": {
            "allow": [
              {
                "ports": [
                  "1-65535"
                ],
                "protocol": "tcp"
              },
              {
                "ports": [
                  "1-65535"
                ],
                "protocol": "udp"
              },
              {
                "ports": [],
                "protocol": "icmp"
              }
            ],
            "creation_timestamp": "2024-05-06T09:47:08.021-07:00",
            "deny": [],
            "description": "",
            "destination_ranges": [],
            "direction": "INGRESS",
            "disabled": false,
            "enable_logging": null,
            "id": "projects/terraform-gcp-419906/global/firewalls/allow-internal",
            "log_config": [],
            "name": "allow-internal",
            "network": "https://www.googleapis.com/compute/v1/projects/terraform-gcp-419906/global/networks/client1",
            "priority": 1000,
            "project": "terraform-gcp-419906",
            "self_link": "https://www.googleapis.com/compute/v1/projects/terraform-gcp-419906/global/firewalls/allow-internal",
            "source_ranges": [
              "172.16.0.0/24",
              "172.16.1.0/24",
              "172.16.2.0/24"
            ],
            "source_service_accounts": [],
            "source_tags": [],
            "target_service_accounts": [],
            "target_tags": [],
            "timeouts": null
          },
          "sensitive_attributes": [],
          "private": "eyJlMmJmYjczMC1lY2FhLTExZTYtOGY4OC0zNDM2M2JjN2M0YzAiOnsiY3JlYXRlIjoxMjAwMDAwMDAwMDAwLCJkZWxldGUiOjEyMDAwMDAwMDAwMDAsInVwZGF0ZSI6MTIwMDAwMDAwMDAwMH0sInNjaGVtYV92ZXJzaW9uIjoiMSJ9",
          "dependencies": [
            "module.vpc-client.module.vpc.google_compute_network.network"
          ]
        }
      ]
    },
    {
      "mode": "managed",
      "type": "google_compute_firewall",
      "name": "allow-ssh",
      "provider": "provider[\"registry.terraform.io/hashicorp/google\"]",
      "instances": [
        {
          "schema_version": 1,
          "attributes": {
            "allow": [
              {
                "ports": [
                  "22"
                ],
                "protocol": "tcp"
              }
            ],
            "creation_timestamp": "2024-05-06T09:47:08.166-07:00",
            "deny": [],
            "description": "",
            "destination_ranges": [],
            "direction": "INGRESS",
            "disabled": false,
            "enable_logging": null,
            "id": "projects/terraform-gcp-419906/global/firewalls/allow-ssh",
            "log_config": [],
            "name": "allow-ssh",
            "network": "https://www.googleapis.com/compute/v1/projects/terraform-gcp-419906/global/networks/client1",
            "priority": 1000,
            "project": "terraform-gcp-419906",
            "self_link": "https://www.googleapis.com/compute/v1/projects/terraform-gcp-419906/global/firewalls/allow-ssh",
            "source_ranges": [
              "0.0.0.0/0"
            ],
            "source_service_accounts": [],
            "source_tags": [],
            "target_service_accounts": [],
            "target_tags": [],
            "timeouts": null
          },
          "sensitive_attributes": [],
          "private": "eyJlMmJmYjczMC1lY2FhLTExZTYtOGY4OC0zNDM2M2JjN2M0YzAiOnsiY3JlYXRlIjoxMjAwMDAwMDAwMDAwLCJkZWxldGUiOjEyMDAwMDAwMDAwMDAsInVwZGF0ZSI6MTIwMDAwMDAwMDAwMH0sInNjaGVtYV92ZXJzaW9uIjoiMSJ9",
          "dependencies": [
            "module.vpc-client.module.vpc.google_compute_network.network"
          ]
        }
      ]
    },
    {
      "mode": "managed",
      "type": "google_compute_instance_group",
      "name": "instances",
      "provider": "provider[\"registry.terraform.io/hashicorp/google\"]",
      "instances": [
        {
          "schema_version": 2,
          "attributes": {
            "description": "Terraform test instance group",
            "id": "projects/terraform-gcp-419906/zones/australia-southeast2-a/instanceGroups/instance-client1",
            "instances": [],
            "name": "instance-client1",
            "named_port": [],
            "network": "https://www.googleapis.com/compute/v1/projects/terraform-gcp-419906/global/networks/client1",
            "project": "terraform-gcp-419906",
            "self_link": "https://www.googleapis.com/compute/v1/projects/terraform-gcp-419906/zones/australia-southeast2-a/instanceGroups/instance-client1",
            "size": 0,
            "timeouts": null,
            "zone": "australia-southeast2-a"
          },
          "sensitive_attributes": [],
          "private": "eyJlMmJmYjczMC1lY2FhLTExZTYtOGY4OC0zNDM2M2JjN2M0YzAiOnsiY3JlYXRlIjozNjAwMDAwMDAwMDAsImRlbGV0ZSI6MzYwMDAwMDAwMDAwLCJ1cGRhdGUiOjM2MDAwMDAwMDAwMH0sInNjaGVtYV92ZXJzaW9uIjoiMiJ9",
          "dependencies": [
            "module.vpc-client.module.vpc.google_compute_network.network",
            "module.vpc-client.module.vpc.google_compute_shared_vpc_host_project.shared_vpc_host"
          ]
        }
      ]
    },
    {
      "module": "module.peering-client-server",
      "mode": "managed",
      "type": "google_compute_network_peering",
      "name": "local_network_peering",
      "provider": "provider[\"registry.terraform.io/hashicorp/google-beta\"]",
      "instances": [
        {
          "schema_version": 0,
          "attributes": {
            "export_custom_routes": false,
            "export_subnet_routes_with_public_ip": true,
            "id": "server1/name-prefix-server1-client1",
            "import_custom_routes": false,
            "import_subnet_routes_with_public_ip": false,
            "name": "name-prefix-server1-client1",
            "network": "projects/terraform-gcp-419906/global/networks/server1",
            "peer_network": "https://www.googleapis.com/compute/beta/projects/terraform-gcp-419906/global/networks/client1",
            "stack_type": "IPV4_ONLY",
            "state": "ACTIVE",
            "state_details": "[2024-05-06T09:49:41.330-07:00]: Connected.",
            "timeouts": null
          },
          "sensitive_attributes": [],
          "private": "eyJlMmJmYjczMC1lY2FhLTExZTYtOGY4OC0zNDM2M2JjN2M0YzAiOnsiY3JlYXRlIjoyNDAwMDAwMDAwMDAsImRlbGV0ZSI6MjQwMDAwMDAwMDAwLCJ1cGRhdGUiOjI0MDAwMDAwMDAwMH19",
          "dependencies": [
            "module.peering-client-server.null_resource.module_depends_on",
            "module.peering-client-server.random_string.network_peering_suffix",
            "module.vpc-client.module.vpc.google_compute_network.network",
            "module.vpc-client.module.vpc.google_compute_shared_vpc_host_project.shared_vpc_host",
            "module.vpc-server.module.vpc.google_compute_network.network",
            "module.vpc-server.module.vpc.google_compute_shared_vpc_host_project.shared_vpc_host"
          ]
        }
      ]
    },
    {
      "module": "module.peering-client-server",
      "mode": "managed",
      "type": "google_compute_network_peering",
      "name": "peer_network_peering",
      "provider": "provider[\"registry.terraform.io/hashicorp/google-beta\"]",
      "instances": [
        {
          "schema_version": 0,
          "attributes": {
            "export_custom_routes": false,
            "export_subnet_routes_with_public_ip": false,
            "id": "client1/name-prefix-client1-server1",
            "import_custom_routes": false,
            "import_subnet_routes_with_public_ip": true,
            "name": "name-prefix-client1-server1",
            "network": "projects/terraform-gcp-419906/global/networks/client1",
            "peer_network": "https://www.googleapis.com/compute/beta/projects/terraform-gcp-419906/global/networks/server1",
            "stack_type": "IPV4_ONLY",
            "state": "ACTIVE",
            "state_details": "[2024-05-06T09:49:41.330-07:00]: Connected.",
            "timeouts": null
          },
          "sensitive_attributes": [],
          "private": "eyJlMmJmYjczMC1lY2FhLTExZTYtOGY4OC0zNDM2M2JjN2M0YzAiOnsiY3JlYXRlIjoyNDAwMDAwMDAwMDAsImRlbGV0ZSI6MjQwMDAwMDAwMDAwLCJ1cGRhdGUiOjI0MDAwMDAwMDAwMH19",
          "dependencies": [
            "module.peering-client-server.google_compute_network_peering.local_network_peering",
            "module.peering-client-server.null_resource.module_depends_on",
            "module.peering-client-server.random_string.network_peering_suffix",
            "module.vpc-client.module.vpc.google_compute_network.network",
            "module.vpc-client.module.vpc.google_compute_shared_vpc_host_project.shared_vpc_host",
            "module.vpc-server.module.vpc.google_compute_network.network",
            "module.vpc-server.module.vpc.google_compute_shared_vpc_host_project.shared_vpc_host"
          ]
        }
      ]
    },
    {
      "module": "module.peering-client-server",
      "mode": "managed",
      "type": "null_resource",
      "name": "complete",
      "provider": "provider[\"registry.terraform.io/hashicorp/null\"]",
      "instances": [
        {
          "schema_version": 0,
          "attributes": {
            "id": "1908831630102047484",
            "triggers": null
          },
          "sensitive_attributes": [],
          "dependencies": [
            "module.peering-client-server.google_compute_network_peering.local_network_peering",
            "module.peering-client-server.google_compute_network_peering.peer_network_peering",
            "module.peering-client-server.null_resource.module_depends_on",
            "module.peering-client-server.random_string.network_peering_suffix",
            "module.vpc-client.module.vpc.google_compute_network.network",
            "module.vpc-client.module.vpc.google_compute_shared_vpc_host_project.shared_vpc_host",
            "module.vpc-server.module.vpc.google_compute_network.network",
            "module.vpc-server.module.vpc.google_compute_shared_vpc_host_project.shared_vpc_host"
          ]
        }
      ]
    },
    {
      "module": "module.peering-client-server",
      "mode": "managed",
      "type": "null_resource",
      "name": "module_depends_on",
      "provider": "provider[\"registry.terraform.io/hashicorp/null\"]",
      "instances": [
        {
          "schema_version": 0,
          "attributes": {
            "id": "4924314085018763244",
            "triggers": {
              "value": "0"
            }
          },
          "sensitive_attributes": []
        }
      ]
    },
    {
      "module": "module.peering-client-server",
      "mode": "managed",
      "type": "random_string",
      "name": "network_peering_suffix",
      "provider": "provider[\"registry.terraform.io/hashicorp/random\"]",
      "instances": [
        {
          "schema_version": 2,
          "attributes": {
            "id": "p490",
            "keepers": null,
            "length": 4,
            "lower": true,
            "min_lower": 0,
            "min_numeric": 0,
            "min_special": 0,
            "min_upper": 0,
            "number": true,
            "numeric": true,
            "override_special": null,
            "result": "p490",
            "special": false,
            "upper": false
          },
          "sensitive_attributes": []
        }
      ]
    },
    {
      "module": "module.vpc-client.module.subnets",
      "mode": "managed",
      "type": "google_compute_subnetwork",
      "name": "subnetwork",
      "provider": "provider[\"registry.terraform.io/hashicorp/google\"]",
      "instances": [
        {
          "index_key": "australia-southeast2/subnet-01",
          "schema_version": 0,
          "attributes": {
            "creation_timestamp": "2024-05-06T09:47:12.870-07:00",
            "description": "",
            "external_ipv6_prefix": "",
            "fingerprint": null,
            "gateway_address": "10.10.10.1",
            "id": "projects/terraform-gcp-419906/regions/australia-southeast2/subnetworks/subnet-01",
            "internal_ipv6_prefix": "",
            "ip_cidr_range": "10.10.10.0/24",
            "ipv6_access_type": "",
            "ipv6_cidr_range": "",
            "log_config": [],
            "name": "subnet-01",
            "network": "https://www.googleapis.com/compute/v1/projects/terraform-gcp-419906/global/networks/client1",
            "private_ip_google_access": false,
            "private_ipv6_google_access": "DISABLE_GOOGLE_ACCESS",
            "project": "terraform-gcp-419906",
            "purpose": "PRIVATE",
            "region": "australia-southeast2",
            "role": "",
            "secondary_ip_range": [
              {
                "ip_cidr_range": "192.168.64.0/24",
                "range_name": "subnet-01-secondary-01"
              }
            ],
            "self_link": "https://www.googleapis.com/compute/v1/projects/terraform-gcp-419906/regions/australia-southeast2/subnetworks/subnet-01",
            "stack_type": "IPV4_ONLY",
            "timeouts": null
          },
          "sensitive_attributes": [],
          "private": "eyJlMmJmYjczMC1lY2FhLTExZTYtOGY4OC0zNDM2M2JjN2M0YzAiOnsiY3JlYXRlIjoxMjAwMDAwMDAwMDAwLCJkZWxldGUiOjEyMDAwMDAwMDAwMDAsInVwZGF0ZSI6MTIwMDAwMDAwMDAwMH19",
          "dependencies": [
            "module.vpc-client.module.vpc.google_compute_network.network"
          ]
        },
        {
          "index_key": "australia-southeast2/subnet-02",
          "schema_version": 0,
          "attributes": {
            "creation_timestamp": "2024-05-06T09:47:11.266-07:00",
            "description": "This subnet has a description",
            "external_ipv6_prefix": "",
            "fingerprint": null,
            "gateway_address": "10.10.20.1",
            "id": "projects/terraform-gcp-419906/regions/australia-southeast2/subnetworks/subnet-02",
            "internal_ipv6_prefix": "",
            "ip_cidr_range": "10.10.20.0/24",
            "ipv6_access_type": "",
            "ipv6_cidr_range": "",
            "log_config": [
              {
                "aggregation_interval": "INTERVAL_5_SEC",
                "filter_expr": "true",
                "flow_sampling": 0.5,
                "metadata": "INCLUDE_ALL_METADATA",
                "metadata_fields": []
              }
            ],
            "name": "subnet-02",
            "network": "https://www.googleapis.com/compute/v1/projects/terraform-gcp-419906/global/networks/client1",
            "private_ip_google_access": true,
            "private_ipv6_google_access": "DISABLE_GOOGLE_ACCESS",
            "project": "terraform-gcp-419906",
            "purpose": "PRIVATE",
            "region": "australia-southeast2",
            "role": "",
            "secondary_ip_range": [],
            "self_link": "https://www.googleapis.com/compute/v1/projects/terraform-gcp-419906/regions/australia-southeast2/subnetworks/subnet-02",
            "stack_type": "IPV4_ONLY",
            "timeouts": null
          },
          "sensitive_attributes": [],
          "private": "eyJlMmJmYjczMC1lY2FhLTExZTYtOGY4OC0zNDM2M2JjN2M0YzAiOnsiY3JlYXRlIjoxMjAwMDAwMDAwMDAwLCJkZWxldGUiOjEyMDAwMDAwMDAwMDAsInVwZGF0ZSI6MTIwMDAwMDAwMDAwMH19",
          "dependencies": [
            "module.vpc-client.module.vpc.google_compute_network.network"
          ]
        },
        {
          "index_key": "australia-southeast2/subnet-03",
          "schema_version": 0,
          "attributes": {
            "creation_timestamp": "2024-05-06T09:47:12.174-07:00",
            "description": "",
            "external_ipv6_prefix": "",
            "fingerprint": null,
            "gateway_address": "10.10.30.1",
            "id": "projects/terraform-gcp-419906/regions/australia-southeast2/subnetworks/subnet-03",
            "internal_ipv6_prefix": "",
            "ip_cidr_range": "10.10.30.0/24",
            "ipv6_access_type": "",
            "ipv6_cidr_range": "",
            "log_config": [
              {
                "aggregation_interval": "INTERVAL_10_MIN",
                "filter_expr": "true",
                "flow_sampling": 0.7,
                "metadata": "INCLUDE_ALL_METADATA",
                "metadata_fields": []
              }
            ],
            "name": "subnet-03",
            "network": "https://www.googleapis.com/compute/v1/projects/terraform-gcp-419906/global/networks/client1",
            "private_ip_google_access": false,
            "private_ipv6_google_access": "DISABLE_GOOGLE_ACCESS",
            "project": "terraform-gcp-419906",
            "purpose": "PRIVATE",
            "region": "australia-southeast2",
            "role": "",
            "secondary_ip_range": [],
            "self_link": "https://www.googleapis.com/compute/v1/projects/terraform-gcp-419906/regions/australia-southeast2/subnetworks/subnet-03",
            "stack_type": "IPV4_ONLY",
            "timeouts": null
          },
          "sensitive_attributes": [],
          "private": "eyJlMmJmYjczMC1lY2FhLTExZTYtOGY4OC0zNDM2M2JjN2M0YzAiOnsiY3JlYXRlIjoxMjAwMDAwMDAwMDAwLCJkZWxldGUiOjEyMDAwMDAwMDAwMDAsInVwZGF0ZSI6MTIwMDAwMDAwMDAwMH19",
          "dependencies": [
            "module.vpc-client.module.vpc.google_compute_network.network"
          ]
        }
      ]
    },
    {
      "module": "module.vpc-client.module.vpc",
      "mode": "managed",
      "type": "google_compute_network",
      "name": "network",
      "provider": "provider[\"registry.terraform.io/hashicorp/google\"]",
      "instances": [
        {
          "schema_version": 0,
          "attributes": {
            "auto_create_subnetworks": false,
            "delete_default_routes_on_create": false,
            "description": "",
            "enable_ula_internal_ipv6": false,
            "gateway_ipv4": "",
            "id": "projects/terraform-gcp-419906/global/networks/client1",
            "internal_ipv6_range": "",
            "mtu": 0,
            "name": "client1",
            "network_firewall_policy_enforcement_order": "AFTER_CLASSIC_FIREWALL",
            "numeric_id": "5324606354496993168",
            "project": "terraform-gcp-419906",
            "routing_mode": "REGIONAL",
            "self_link": "https://www.googleapis.com/compute/v1/projects/terraform-gcp-419906/global/networks/client1",
            "timeouts": null
          },
          "sensitive_attributes": [],
          "private": "eyJlMmJmYjczMC1lY2FhLTExZTYtOGY4OC0zNDM2M2JjN2M0YzAiOnsiY3JlYXRlIjoxMjAwMDAwMDAwMDAwLCJkZWxldGUiOjEyMDAwMDAwMDAwMDAsInVwZGF0ZSI6MTIwMDAwMDAwMDAwMH19"
        }
      ]
    },
    {
      "module": "module.vpc-server.module.subnets",
      "mode": "managed",
      "type": "google_compute_subnetwork",
      "name": "subnetwork",
      "provider": "provider[\"registry.terraform.io/hashicorp/google\"]",
      "instances": [
        {
          "index_key": "australia-southeast2/subnet-04",
          "schema_version": 0,
          "attributes": {
            "creation_timestamp": "2024-05-06T08:18:57.666-07:00",
            "description": "",
            "external_ipv6_prefix": "",
            "fingerprint": null,
            "gateway_address": "10.11.10.1",
            "id": "projects/terraform-gcp-419906/regions/australia-southeast2/subnetworks/subnet-04",
            "internal_ipv6_prefix": "",
            "ip_cidr_range": "10.11.10.0/24",
            "ipv6_access_type": "",
            "ipv6_cidr_range": "",
            "log_config": [],
            "name": "subnet-04",
            "network": "https://www.googleapis.com/compute/v1/projects/terraform-gcp-419906/global/networks/server1",
            "private_ip_google_access": false,
            "private_ipv6_google_access": "DISABLE_GOOGLE_ACCESS",
            "project": "terraform-gcp-419906",
            "purpose": "PRIVATE",
            "region": "australia-southeast2",
            "role": "",
            "secondary_ip_range": [],
            "self_link": "https://www.googleapis.com/compute/v1/projects/terraform-gcp-419906/regions/australia-southeast2/subnetworks/subnet-04",
            "stack_type": "IPV4_ONLY",
            "timeouts": null
          },
          "sensitive_attributes": [],
          "private": "eyJlMmJmYjczMC1lY2FhLTExZTYtOGY4OC0zNDM2M2JjN2M0YzAiOnsiY3JlYXRlIjoxMjAwMDAwMDAwMDAwLCJkZWxldGUiOjEyMDAwMDAwMDAwMDAsInVwZGF0ZSI6MTIwMDAwMDAwMDAwMH19",
          "dependencies": [
            "module.vpc-server.module.vpc.google_compute_network.network"
          ]
        },
        {
          "index_key": "australia-southeast2/subnet-05",
          "schema_version": 0,
          "attributes": {
            "creation_timestamp": "2024-05-06T08:18:59.070-07:00",
            "description": "This subnet has a description",
            "external_ipv6_prefix": "",
            "fingerprint": null,
            "gateway_address": "10.11.20.1",
            "id": "projects/terraform-gcp-419906/regions/australia-southeast2/subnetworks/subnet-05",
            "internal_ipv6_prefix": "",
            "ip_cidr_range": "10.11.20.0/24",
            "ipv6_access_type": "",
            "ipv6_cidr_range": "",
            "log_config": [
              {
                "aggregation_interval": "INTERVAL_5_SEC",
                "filter_expr": "true",
                "flow_sampling": 0.5,
                "metadata": "INCLUDE_ALL_METADATA",
                "metadata_fields": []
              }
            ],
            "name": "subnet-05",
            "network": "https://www.googleapis.com/compute/v1/projects/terraform-gcp-419906/global/networks/server1",
            "private_ip_google_access": true,
            "private_ipv6_google_access": "DISABLE_GOOGLE_ACCESS",
            "project": "terraform-gcp-419906",
            "purpose": "PRIVATE",
            "region": "australia-southeast2",
            "role": "",
            "secondary_ip_range": [],
            "self_link": "https://www.googleapis.com/compute/v1/projects/terraform-gcp-419906/regions/australia-southeast2/subnetworks/subnet-05",
            "stack_type": "IPV4_ONLY",
            "timeouts": null
          },
          "sensitive_attributes": [],
          "private": "eyJlMmJmYjczMC1lY2FhLTExZTYtOGY4OC0zNDM2M2JjN2M0YzAiOnsiY3JlYXRlIjoxMjAwMDAwMDAwMDAwLCJkZWxldGUiOjEyMDAwMDAwMDAwMDAsInVwZGF0ZSI6MTIwMDAwMDAwMDAwMH19",
          "dependencies": [
            "module.vpc-server.module.vpc.google_compute_network.network"
          ]
        },
        {
          "index_key": "australia-southeast2/subnet-06",
          "schema_version": 0,
          "attributes": {
            "creation_timestamp": "2024-05-06T08:18:57.175-07:00",
            "description": "",
            "external_ipv6_prefix": "",
            "fingerprint": null,
            "gateway_address": "10.11.30.1",
            "id": "projects/terraform-gcp-419906/regions/australia-southeast2/subnetworks/subnet-06",
            "internal_ipv6_prefix": "",
            "ip_cidr_range": "10.11.30.0/24",
            "ipv6_access_type": "",
            "ipv6_cidr_range": "",
            "log_config": [
              {
                "aggregation_interval": "INTERVAL_10_MIN",
                "filter_expr": "true",
                "flow_sampling": 0.7,
                "metadata": "INCLUDE_ALL_METADATA",
                "metadata_fields": []
              }
            ],
            "name": "subnet-06",
            "network": "https://www.googleapis.com/compute/v1/projects/terraform-gcp-419906/global/networks/server1",
            "private_ip_google_access": false,
            "private_ipv6_google_access": "DISABLE_GOOGLE_ACCESS",
            "project": "terraform-gcp-419906",
            "purpose": "PRIVATE",
            "region": "australia-southeast2",
            "role": "",
            "secondary_ip_range": [],
            "self_link": "https://www.googleapis.com/compute/v1/projects/terraform-gcp-419906/regions/australia-southeast2/subnetworks/subnet-06",
            "stack_type": "IPV4_ONLY",
            "timeouts": null
          },
          "sensitive_attributes": [],
          "private": "eyJlMmJmYjczMC1lY2FhLTExZTYtOGY4OC0zNDM2M2JjN2M0YzAiOnsiY3JlYXRlIjoxMjAwMDAwMDAwMDAwLCJkZWxldGUiOjEyMDAwMDAwMDAwMDAsInVwZGF0ZSI6MTIwMDAwMDAwMDAwMH19",
          "dependencies": [
            "module.vpc-server.module.vpc.google_compute_network.network"
          ]
        }
      ]
    },
    {
      "module": "module.vpc-server.module.vpc",
      "mode": "managed",
      "type": "google_compute_network",
      "name": "network",
      "provider": "provider[\"registry.terraform.io/hashicorp/google\"]",
      "instances": [
        {
          "schema_version": 0,
          "attributes": {
            "auto_create_subnetworks": false,
            "delete_default_routes_on_create": false,
            "description": "",
            "enable_ula_internal_ipv6": false,
            "gateway_ipv4": "",
            "id": "projects/terraform-gcp-419906/global/networks/server1",
            "internal_ipv6_range": "",
            "mtu": 0,
            "name": "server1",
            "network_firewall_policy_enforcement_order": "AFTER_CLASSIC_FIREWALL",
            "numeric_id": "6437734780948007578",
            "project": "terraform-gcp-419906",
            "routing_mode": "REGIONAL",
            "self_link": "https://www.googleapis.com/compute/v1/projects/terraform-gcp-419906/global/networks/server1",
            "timeouts": null
          },
          "sensitive_attributes": [],
          "private": "eyJlMmJmYjczMC1lY2FhLTExZTYtOGY4OC0zNDM2M2JjN2M0YzAiOnsiY3JlYXRlIjoxMjAwMDAwMDAwMDAwLCJkZWxldGUiOjEyMDAwMDAwMDAwMDAsInVwZGF0ZSI6MTIwMDAwMDAwMDAwMH19"
        }
      ]
    }
  ],
  "check_results": null
}
